
Microsoft Visual Studio Solution File, Format Version 12.00
# Visual Studio Version 16
VisualStudioVersion = 16.0.30803.129
MinimumVisualStudioVersion = 10.0.40219.1
Project("{9A19103F-16F7-4668-BE54-9A1E7A4F7556}") = "Testura.Code.UnitTestGenerator", "src\Testura.Code.UnitTestGenerator\Testura.Code.UnitTestGenerator.csproj", "{1CF365AE-A900-4D38-90A7-881DC8E2B3F4}"
EndProject
Project("{9A19103F-16F7-4668-BE54-9A1E7A4F7556}") = "Testura.Code.UnitTestGenerator.UI", "src\Testura.Code.UnitTestGenerator.UI\Testura.Code.UnitTestGenerator.UI.csproj", "{0D8EF2C1-9CFE-46E9-8D86-B2E4C2018754}"
EndProject
Project("{FAE04EC0-301F-11D3-BF4B-00C04F79EFBC}") = "Testura.Code.UnitTestGenerator.Tests", "src\Testura.Code.UnitTestGenerator.Tests\Testura.Code.UnitTestGenerator.Tests.csproj", "{39989A81-82CF-4943-9500-2D6A6DA61108}"
EndProject
Global
	GlobalSection(SolutionConfigurationPlatforms) = preSolution
		Debug|Any CPU = Debug|Any CPU
		Debug|x64 = Debug|x64
		Debug|x86 = Debug|x86
		Release|Any CPU = Release|Any CPU
		Release|x64 = Release|x64
		Release|x86 = Release|x86
	EndGlobalSection
	GlobalSection(ProjectConfigurationPlatforms) = postSolution
		{1CF365AE-A900-4D38-90A7-881DC8E2B3F4}.Debug|Any CPU.ActiveCfg = Debug|Any CPU
		{1CF365AE-A900-4D38-90A7-881DC8E2B3F4}.Debug|Any CPU.Build.0 = Debug|Any CPU
		{1CF365AE-A900-4D38-90A7-881DC8E2B3F4}.Debug|x64.ActiveCfg = Debug|Any CPU
		{1CF365AE-A900-4D38-90A7-881DC8E2B3F4}.Debug|x64.Build.0 = Debug|Any CPU
		{1CF365AE-A900-4D38-90A7-881DC8E2B3F4}.Debug|x86.ActiveCfg = Debug|Any CPU
		{1CF365AE-A900-4D38-90A7-881DC8E2B3F4}.Debug|x86.Build.0 = Debug|Any CPU
		{1CF365AE-A900-4D38-90A7-881DC8E2B3F4}.Release|Any CPU.ActiveCfg = Release|Any CPU
		{1CF365AE-A900-4D38-90A7-881DC8E2B3F4}.Release|Any CPU.Build.0 = Release|Any CPU
		{1CF365AE-A900-4D38-90A7-881DC8E2B3F4}.Release|x64.ActiveCfg = Release|Any CPU
		{1CF365AE-A900-4D38-90A7-881DC8E2B3F4}.Release|x64.Build.0 = Release|Any CPU
		{1CF365AE-A900-4D38-90A7-881DC8E2B3F4}.Release|x86.ActiveCfg = Release|Any CPU
		{1CF365AE-A900-4D38-90A7-881DC8E2B3F4}.Release|x86.Build.0 = Release|Any CPU
		{0D8EF2C1-9CFE-46E9-8D86-B2E4C2018754}.Debug|Any CPU.ActiveCfg = Debug|Any CPU
		{0D8EF2C1-9CFE-46E9-8D86-B2E4C2018754}.Debug|Any CPU.Build.0 = Debug|Any CPU
		{0D8EF2C1-9CFE-46E9-8D86-B2E4C2018754}.Debug|x64.ActiveCfg = Debug|Any CPU
		{0D8EF2C1-9CFE-46E9-8D86-B2E4C2018754}.Debug|x64.Build.0 = Debug|Any CPU
		{0D8EF2C1-9CFE-46E9-8D86-B2E4C2018754}.Debug|x86.ActiveCfg = Debug|Any CPU
		{0D8EF2C1-9CFE-46E9-8D86-B2E4C2018754}.Debug|x86.Build.0 = Debug|Any CPU
		{0D8EF2C1-9CFE-46E9-8D86-B2E4C2018754}.Release|Any CPU.ActiveCfg = Release|Any CPU
		{0D8EF2C1-9CFE-46E9-8D86-B2E4C2018754}.Release|Any CPU.Build.0 = Release|Any CPU
		{0D8EF2C1-9CFE-46E9-8D86-B2E4C2018754}.Release|x64.ActiveCfg = Release|Any CPU
		{0D8EF2C1-9CFE-46E9-8D86-B2E4C2018754}.Release|x64.Build.0 = Release|Any CPU
		{0D8EF2C1-9CFE-46E9-8D86-B2E4C2018754}.Release|x86.ActiveCfg = Release|Any CPU
		{0D8EF2C1-9CFE-46E9-8D86-B2E4C2018754}.Release|x86.Build.0 = Release|Any CPU
		{39989A81-82CF-4943-9500-2D6A6DA61108}.Debug|Any CPU.ActiveCfg = Debug|Any CPU
		{39989A81-82CF-4943-9500-2D6A6DA61108}.Debug|Any CPU.Build.0 = Debug|Any CPU
		{39989A81-82CF-4943-9500-2D6A6DA61108}.Debug|x64.ActiveCfg = Debug|Any CPU
		{39989A81-82CF-4943-9500-2D6A6DA61108}.Debug|x64.Build.0 = Debug|Any CPU
		{39989A81-82CF-4943-9500-2D6A6DA61108}.Debug|x86.ActiveCfg = Debug|Any CPU
		{39989A81-82CF-4943-9500-2D6A6DA61108}.Debug|x86.Build.0 = Debug|Any CPU
		{39989A81-82CF-4943-9500-2D6A6DA61108}.Release|Any CPU.ActiveCfg = Release|Any CPU
		{39989A81-82CF-4943-9500-2D6A6DA61108}.Release|Any CPU.Build.0 = Release|Any CPU
		{39989A81-82CF-4943-9500-2D6A6DA61108}.Release|x64.ActiveCfg = Release|Any CPU
		{39989A81-82CF-4943-9500-2D6A6DA61108}.Release|x64.Build.0 = Release|Any CPU
		{39989A81-82CF-4943-9500-2D6A6DA61108}.Release|x86.ActiveCfg = Release|Any CPU
		{39989A81-82CF-4943-9500-2D6A6DA61108}.Release|x86.Build.0 = Release|Any CPU
	EndGlobalSection
	GlobalSection(SolutionProperties) = preSolution
		HideSolutionNode = FALSE
	EndGlobalSection
	GlobalSection(ExtensibilityGlobals) = postSolution
		SolutionGuid = {F1CEE4D3-E652-4908-B86E-87D6567CE060}
	EndGlobalSection
EndGlobal
